
Microsoft Visual Studio Solution File, Format Version 12.00
# Visual Studio Version 16
VisualStudioVersion = 16.0.29920.165
MinimumVisualStudioVersion = 10.0.40219.1
Project("{9A19103F-16F7-4668-BE54-9A1E7A4F7556}") = "Music4Me.API", "Music4Me.API\Music4Me.API.csproj", "{EAAB5575-01BE-45C5-9DC6-6D72539DEE49}"
EndProject
Project("{2150E333-8FDC-42A3-9474-1A3956D46DE8}") = "Common", "Common", "{2B64DFC8-F85E-4262-9B93-79E99A31AFC7}"
EndProject
Project("{9A19103F-16F7-4668-BE54-9A1E7A4F7556}") = "Music4Me.Common", "Music4Me.Common\Music4Me.Common.csproj", "{560B4A82-AD22-431F-9233-AD2CE00C0519}"
EndProject
Project("{9A19103F-16F7-4668-BE54-9A1E7A4F7556}") = "Music4Me.Client", "Music4Me.Client\Music4Me.Client.csproj", "{72843FCD-427A-4310-BD67-AD0B727A410B}"
EndProject
Project("{9A19103F-16F7-4668-BE54-9A1E7A4F7556}") = "Music4Me.Common.Infrastructure.Spotify", "Music4Me.Common.Infrastructure.Spotify\Music4Me.Common.Infrastructure.Spotify.csproj", "{2F6244D6-168E-4791-A7DB-D037BB73F083}"
EndProject
Project("{9A19103F-16F7-4668-BE54-9A1E7A4F7556}") = "Music4Me.Application", "Music4Me.Application\Music4Me.Application.csproj", "{EF09FC3E-64F8-46C9-AAAA-29AFDCE69B24}"
EndProject
Project("{9A19103F-16F7-4668-BE54-9A1E7A4F7556}") = "Music4Me.UI.Web", "Music4Me.UI.Web\Music4Me.UI.Web.csproj", "{CA607214-1FDC-4EFA-A6CB-348644C58994}"
EndProject
Project("{2150E333-8FDC-42A3-9474-1A3956D46DE8}") = "Solution Items", "Solution Items", "{BA6EEA03-615A-4C9E-B146-97F912959935}"
	ProjectSection(SolutionItems) = preProject
		För att köra igång och testa projeket.txt = För att köra igång och testa projeket.txt
	EndProjectSection
EndProject
Global
	GlobalSection(SolutionConfigurationPlatforms) = preSolution
		Debug|Any CPU = Debug|Any CPU
		Release|Any CPU = Release|Any CPU
	EndGlobalSection
	GlobalSection(ProjectConfigurationPlatforms) = postSolution
		{EAAB5575-01BE-45C5-9DC6-6D72539DEE49}.Debug|Any CPU.ActiveCfg = Debug|Any CPU
		{EAAB5575-01BE-45C5-9DC6-6D72539DEE49}.Debug|Any CPU.Build.0 = Debug|Any CPU
		{EAAB5575-01BE-45C5-9DC6-6D72539DEE49}.Release|Any CPU.ActiveCfg = Release|Any CPU
		{EAAB5575-01BE-45C5-9DC6-6D72539DEE49}.Release|Any CPU.Build.0 = Release|Any CPU
		{560B4A82-AD22-431F-9233-AD2CE00C0519}.Debug|Any CPU.ActiveCfg = Debug|Any CPU
		{560B4A82-AD22-431F-9233-AD2CE00C0519}.Debug|Any CPU.Build.0 = Debug|Any CPU
		{560B4A82-AD22-431F-9233-AD2CE00C0519}.Release|Any CPU.ActiveCfg = Release|Any CPU
		{560B4A82-AD22-431F-9233-AD2CE00C0519}.Release|Any CPU.Build.0 = Release|Any CPU
		{72843FCD-427A-4310-BD67-AD0B727A410B}.Debug|Any CPU.ActiveCfg = Debug|Any CPU
		{72843FCD-427A-4310-BD67-AD0B727A410B}.Debug|Any CPU.Build.0 = Debug|Any CPU
		{72843FCD-427A-4310-BD67-AD0B727A410B}.Release|Any CPU.ActiveCfg = Release|Any CPU
		{72843FCD-427A-4310-BD67-AD0B727A410B}.Release|Any CPU.Build.0 = Release|Any CPU
		{2F6244D6-168E-4791-A7DB-D037BB73F083}.Debug|Any CPU.ActiveCfg = Debug|Any CPU
		{2F6244D6-168E-4791-A7DB-D037BB73F083}.Debug|Any CPU.Build.0 = Debug|Any CPU
		{2F6244D6-168E-4791-A7DB-D037BB73F083}.Release|Any CPU.ActiveCfg = Release|Any CPU
		{2F6244D6-168E-4791-A7DB-D037BB73F083}.Release|Any CPU.Build.0 = Release|Any CPU
		{EF09FC3E-64F8-46C9-AAAA-29AFDCE69B24}.Debug|Any CPU.ActiveCfg = Debug|Any CPU
		{EF09FC3E-64F8-46C9-AAAA-29AFDCE69B24}.Debug|Any CPU.Build.0 = Debug|Any CPU
		{EF09FC3E-64F8-46C9-AAAA-29AFDCE69B24}.Release|Any CPU.ActiveCfg = Release|Any CPU
		{EF09FC3E-64F8-46C9-AAAA-29AFDCE69B24}.Release|Any CPU.Build.0 = Release|Any CPU
		{CA607214-1FDC-4EFA-A6CB-348644C58994}.Debug|Any CPU.ActiveCfg = Debug|Any CPU
		{CA607214-1FDC-4EFA-A6CB-348644C58994}.Debug|Any CPU.Build.0 = Debug|Any CPU
		{CA607214-1FDC-4EFA-A6CB-348644C58994}.Release|Any CPU.ActiveCfg = Release|Any CPU
		{CA607214-1FDC-4EFA-A6CB-348644C58994}.Release|Any CPU.Build.0 = Release|Any CPU
	EndGlobalSection
	GlobalSection(SolutionProperties) = preSolution
		HideSolutionNode = FALSE
	EndGlobalSection
	GlobalSection(NestedProjects) = preSolution
		{560B4A82-AD22-431F-9233-AD2CE00C0519} = {2B64DFC8-F85E-4262-9B93-79E99A31AFC7}
		{2F6244D6-168E-4791-A7DB-D037BB73F083} = {2B64DFC8-F85E-4262-9B93-79E99A31AFC7}
	EndGlobalSection
	GlobalSection(ExtensibilityGlobals) = postSolution
		SolutionGuid = {1B14429D-E4A1-438E-AA4F-AC204842B434}
	EndGlobalSection
EndGlobal
